
Microsoft Visual Studio Solution File, Format Version 12.00
# Visual Studio Version 17
VisualStudioVersion = 17.9.34310.174
MinimumVisualStudioVersion = 10.0.40219.1
Project("{FAE04EC0-301F-11D3-BF4B-00C04F79EFBC}") = "SmsConsoleService", "SmsConsoleService\SmsConsoleService.csproj", "{91F6A293-F457-4B33-87F3-934D37A72D07}"
EndProject
Global
	GlobalSection(SolutionConfigurationPlatforms) = preSolution
		Debug|Any CPU = Debug|Any CPU
		Release|Any CPU = Release|Any CPU
	EndGlobalSection
	GlobalSection(ProjectConfigurationPlatforms) = postSolution
		{91F6A293-F457-4B33-87F3-934D37A72D07}.Debug|Any CPU.ActiveCfg = Debug|Any CPU
		{91F6A293-F457-4B33-87F3-934D37A72D07}.Debug|Any CPU.Build.0 = Debug|Any CPU
		{91F6A293-F457-4B33-87F3-934D37A72D07}.Release|Any CPU.ActiveCfg = Release|Any CPU
		{91F6A293-F457-4B33-87F3-934D37A72D07}.Release|Any CPU.Build.0 = Release|Any CPU
	EndGlobalSection
	GlobalSection(SolutionProperties) = preSolution
		HideSolutionNode = FALSE
	EndGlobalSection
	GlobalSection(ExtensibilityGlobals) = postSolution
		SolutionGuid = {E891E468-D73F-4F49-96D7-D9C68B1E62C6}
	EndGlobalSection
EndGlobal
